<?xml version="1.0" encoding="utf-8"?>
<Project ToolsVersion="4.0" xmlns="http://schemas.microsoft.com/developer/msbuild/2003">
  <ItemGroup>
    <Filter Include="Source Files">
      <UniqueIdentifier>{4FC737F1-C7A5-4376-A066-2A32D752A2FF}</UniqueIdentifier>
      <Extensions>cpp;c;cc;cxx;c++;cppm;ixx;def;odl;idl;hpj;bat;asm;asmx</Extensions>
    </Filter>
    <Filter Include="Header Files">
      <UniqueIdentifier>{93995380-89BD-4b04-88EB-625FBE52EBFB}</UniqueIdentifier>
      <Extensions>h;hh;hpp;hxx;h++;hm;inl;inc;ipp;xsd</Extensions>
    </Filter>
    <Filter Include="Resource Files">
      <UniqueIdentifier>{67DA6AB6-F800-4c08-8B7A-83BB121AAD01}</UniqueIdentifier>
      <Extensions>rc;ico;cur;bmp;dlg;rc2;rct;bin;rgs;gif;jpg;jpeg;jpe;resx;tiff;tif;png;wav;mfcribbon-ms</Extensions>
    </Filter>
  </ItemGroup>
  <ItemGroup>
    <ClCompile Include="main.cpp">
      <Filter>Source Files</Filter>
    </ClCompile>
    <ClCompile Include="core\settings.cpp">
      <Filter>Source Files</Filter>
    </ClCompile>
    <ClCompile Include="core\game.cpp">
      <Filter>Source Files</Filter>
    </ClCompile>
    <ClCompile Include="core\assetManager.cpp">
      <Filter>Source Files</Filter>
    </ClCompile>
    <ClCompile Include="scene\mainMenuScene.cpp">
      <Filter>Source Files</Filter>
    </ClCompile>
    <ClCompile Include="ui\button.cpp">
      <Filter>Source Files</Filter>
    </ClCompile>
    <ClCompile Include="scene\characterCreationScene.cpp">
      <Filter>Source Files</Filter>
    </ClCompile>
    <ClCompile Include="data\gameData.cpp">
      <Filter>Source Files</Filter>
    </ClCompile>
    <ClCompile Include="scene\dungeonScene.cpp">
      <Filter>Source Files</Filter>
    </ClCompile>
    <ClCompile Include="core\camera.cpp">
      <Filter>Source Files</Filter>
    </ClCompile>
    <ClCompile Include="scene\dungeonGeneration.cpp">
      <Filter>Source Files</Filter>
    </ClCompile>
    <ClCompile Include="core\random.cpp">
      <Filter>Source Files</Filter>
    </ClCompile>
    <ClCompile Include="entity\entity.cpp">
      <Filter>Source Files</Filter>
    </ClCompile>
    <ClCompile Include="entity\actor.cpp">
      <Filter>Source Files</Filter>
    </ClCompile>
    <ClCompile Include="entity\player.cpp">
      <Filter>Source Files</Filter>
    </ClCompile>
    <ClCompile Include="core\tileMath.cpp">
      <Filter>Source Files</Filter>
    </ClCompile>
    <ClCompile Include="command\moveCommand.cpp">
      <Filter>Source Files</Filter>
    </ClCompile>
    <ClCompile Include="entity\monster.cpp">
      <Filter>Source Files</Filter>
    </ClCompile>
    <ClCompile Include="command\waitCommand.cpp">
      <Filter>Source Files</Filter>
    </ClCompile>
    <ClCompile Include="ui\richText.cpp">
      <Filter>Source Files</Filter>
    </ClCompile>
    <ClCompile Include="ui\messageLog.cpp">
      <Filter>Source Files</Filter>
    </ClCompile>
    <ClCompile Include="data\ability.cpp">
      <Filter>Source Files</Filter>
    </ClCompile>
    <ClCompile Include="core\combat.cpp">
      <Filter>Source Files</Filter>
    </ClCompile>
    <ClCompile Include="command\abilityCommand.cpp">
      <Filter>Source Files</Filter>
    </ClCompile>
    <ClCompile Include="data\item.cpp">
      <Filter>Source Files</Filter>
    </ClCompile>
    <ClCompile Include="ui\actorHUD.cpp">
      <Filter>Source Files</Filter>
    </ClCompile>
  </ItemGroup>
  <ItemGroup>
    <ClInclude Include="core\settings.hpp">
      <Filter>Header Files</Filter>
    </ClInclude>
    <ClInclude Include="core\game.hpp">
      <Filter>Header Files</Filter>
    </ClInclude>
    <ClInclude Include="core\gameState.hpp">
      <Filter>Header Files</Filter>
    </ClInclude>
    <ClInclude Include="core\assetManager.hpp">
      <Filter>Header Files</Filter>
    </ClInclude>
    <ClInclude Include="scene\mainMenuScene.hpp">
      <Filter>Header Files</Filter>
    </ClInclude>
    <ClInclude Include="ui\button.hpp">
      <Filter>Header Files</Filter>
    </ClInclude>
    <ClInclude Include="scene\characterCreationScene.hpp">
      <Filter>Header Files</Filter>
    </ClInclude>
    <ClInclude Include="data\tileData.hpp">
      <Filter>Header Files</Filter>
    </ClInclude>
    <ClInclude Include="data\gameData.hpp">
      <Filter>Header Files</Filter>
    </ClInclude>
    <ClInclude Include="scene\dungeonScene.hpp">
      <Filter>Header Files</Filter>
    </ClInclude>
    <ClInclude Include="core\camera.hpp">
      <Filter>Header Files</Filter>
    </ClInclude>
    <ClInclude Include="core\random.hpp">
      <Filter>Header Files</Filter>
    </ClInclude>
    <ClInclude Include="pcg\pcg_extras.hpp">
      <Filter>Header Files</Filter>
    </ClInclude>
    <ClInclude Include="pcg\pcg_random.hpp">
      <Filter>Header Files</Filter>
    </ClInclude>
    <ClInclude Include="pcg\pcg_uint128.hpp">
      <Filter>Header Files</Filter>
    </ClInclude>
    <ClInclude Include="entity\entity.hpp">
      <Filter>Header Files</Filter>
    </ClInclude>
    <ClInclude Include="entity\actor.hpp">
      <Filter>Header Files</Filter>
    </ClInclude>
    <ClInclude Include="entity\player.hpp">
      <Filter>Header Files</Filter>
    </ClInclude>
    <ClInclude Include="core\tileMath.hpp">
      <Filter>Header Files</Filter>
    </ClInclude>
    <ClInclude Include="command\command.hpp">
      <Filter>Header Files</Filter>
    </ClInclude>
    <ClInclude Include="command\moveCommand.hpp">
      <Filter>Header Files</Filter>
    </ClInclude>
    <ClInclude Include="data\raceData.hpp">
      <Filter>Header Files</Filter>
    </ClInclude>
    <ClInclude Include="data\id\equipType.hpp">
      <Filter>Header Files</Filter>
    </ClInclude>
    <ClInclude Include="data\monsterData.hpp">
      <Filter>Header Files</Filter>
    </ClInclude>
    <ClInclude Include="entity\monster.hpp">
      <Filter>Header Files</Filter>
    </ClInclude>
    <ClInclude Include="command\waitCommand.hpp">
      <Filter>Header Files</Filter>
    </ClInclude>
    <ClInclude Include="ui\richText.hpp">
      <Filter>Header Files</Filter>
    </ClInclude>
    <ClInclude Include="ui\messageLog.hpp">
      <Filter>Header Files</Filter>
    </ClInclude>
    <ClInclude Include="data\ability.hpp">
      <Filter>Header Files</Filter>
    </ClInclude>
    <ClInclude Include="data\id\element.hpp">
      <Filter>Header Files</Filter>
    </ClInclude>
    <ClInclude Include="data\id\category.hpp">
      <Filter>Header Files</Filter>
    </ClInclude>
    <ClInclude Include="data\id\attribute.hpp">
      <Filter>Header Files</Filter>
    </ClInclude>
    <ClInclude Include="data\abilityEffect.hpp">
      <Filter>Header Files</Filter>
    </ClInclude>
    <ClInclude Include="data\abilityData.hpp">
      <Filter>Header Files</Filter>
    </ClInclude>
    <ClInclude Include="core\combat.hpp">
      <Filter>Header Files</Filter>
    </ClInclude>
    <ClInclude Include="command\abilityCommand.hpp">
      <Filter>Header Files</Filter>
    </ClInclude>
    <ClInclude Include="data\statMod.hpp">
      <Filter>Header Files</Filter>
    </ClInclude>
    <ClInclude Include="data\id\statModType.hpp">
      <Filter>Header Files</Filter>
    </ClInclude>
    <ClInclude Include="data\id\itemType.hpp">
      <Filter>Header Files</Filter>
    </ClInclude>
    <ClInclude Include="data\id\itemRarity.hpp">
      <Filter>Header Files</Filter>
    </ClInclude>
    <ClInclude Include="data\itemData.hpp">
      <Filter>Header Files</Filter>
    </ClInclude>
    <ClInclude Include="data\item.hpp">
      <Filter>Header Files</Filter>
    </ClInclude>
    <ClInclude Include="ui\actorHUD.hpp">
      <Filter>Header Files</Filter>
    </ClInclude>
    <ClInclude Include="data\id\aiTarget.hpp">
      <Filter>Header Files</Filter>
    </ClInclude>
    <ClInclude Include="data\id\aiCondition.hpp">
      <Filter>Header Files</Filter>
    </ClInclude>
    <ClInclude Include="data\roomData.hpp">
      <Filter>Header Files</Filter>
    </ClInclude>
  </ItemGroup>
  <ItemGroup>
    <CopyFileToFolders Include="ds4_data.db" />
  </ItemGroup>
</Project>